// !$*UTF8*$!
{
	archiveVersion = 1;
	classes = {
	};
	objectVersion = 50;
	objects = {

/* Begin PBXBuildFile section */
		2F96AE9C223A9F35005B680E /* AppDelegate.swift in Sources */ = {isa = PBXBuildFile; fileRef = 2F96AE9B223A9F35005B680E /* AppDelegate.swift */; };
		2F96AEA1223A9F35005B680E /* Main.storyboard in Resources */ = {isa = PBXBuildFile; fileRef = 2F96AE9F223A9F35005B680E /* Main.storyboard */; };
		2F96AEA3223A9F37005B680E /* Assets.xcassets in Resources */ = {isa = PBXBuildFile; fileRef = 2F96AEA2223A9F37005B680E /* Assets.xcassets */; };
		2F96AEA6223A9F37005B680E /* LaunchScreen.storyboard in Resources */ = {isa = PBXBuildFile; fileRef = 2F96AEA4223A9F37005B680E /* LaunchScreen.storyboard */; };
		2F96AEAE223A9FBC005B680E /* TasksController.swift in Sources */ = {isa = PBXBuildFile; fileRef = 2F96AEAD223A9FBC005B680E /* TasksController.swift */; };
		2F96AEB0223AA678005B680E /* Task.swift in Sources */ = {isa = PBXBuildFile; fileRef = 2F96AEAF223AA678005B680E /* Task.swift */; };
		2F96AEB2223AA6ED005B680E /* TaskStore.swift in Sources */ = {isa = PBXBuildFile; fileRef = 2F96AEB1223AA6ED005B680E /* TaskStore.swift */; };
		2F96AEB6223ABA4A005B680E /* editControllerViewController.swift in Sources */ = {isa = PBXBuildFile; fileRef = 2F96AEB5223ABA4A005B680E /* editControllerViewController.swift */; };
		2F96AEBC223AE1C2005B680E /* TasksUtility.swift in Sources */ = {isa = PBXBuildFile; fileRef = 2F96AEBB223AE1C2005B680E /* TasksUtility.swift */; };
/* End PBXBuildFile section */

/* Begin PBXFileReference section */
		2F96AE98223A9F35005B680E /* GBCTodoList.app */ = {isa = PBXFileReference; explicitFileType = wrapper.application; includeInIndex = 0; path = GBCTodoList.app; sourceTree = BUILT_PRODUCTS_DIR; };
		2F96AE9B223A9F35005B680E /* AppDelegate.swift */ = {isa = PBXFileReference; lastKnownFileType = sourcecode.swift; path = AppDelegate.swift; sourceTree = "<group>"; };
		2F96AEA0223A9F35005B680E /* Base */ = {isa = PBXFileReference; lastKnownFileType = file.storyboard; name = Base; path = Base.lproj/Main.storyboard; sourceTree = "<group>"; };
		2F96AEA2223A9F37005B680E /* Assets.xcassets */ = {isa = PBXFileReference; lastKnownFileType = folder.assetcatalog; path = Assets.xcassets; sourceTree = "<group>"; };
		2F96AEA5223A9F37005B680E /* Base */ = {isa = PBXFileReference; lastKnownFileType = file.storyboard; name = Base; path = Base.lproj/LaunchScreen.storyboard; sourceTree = "<group>"; };
		2F96AEA7223A9F37005B680E /* Info.plist */ = {isa = PBXFileReference; lastKnownFileType = text.plist.xml; path = Info.plist; sourceTree = "<group>"; };
		2F96AEAD223A9FBC005B680E /* TasksController.swift */ = {isa = PBXFileReference; lastKnownFileType = sourcecode.swift; path = TasksController.swift; sourceTree = "<group>"; };
		2F96AEAF223AA678005B680E /* Task.swift */ = {isa = PBXFileReference; lastKnownFileType = sourcecode.swift; path = Task.swift; sourceTree = "<group>"; };
		2F96AEB1223AA6ED005B680E /* TaskStore.swift */ = {isa = PBXFileReference; lastKnownFileType = sourcecode.swift; path = TaskStore.swift; sourceTree = "<group>"; };
		2F96AEB5223ABA4A005B680E /* editControllerViewController.swift */ = {isa = PBXFileReference; lastKnownFileType = sourcecode.swift; path = editControllerViewController.swift; sourceTree = "<group>"; };
		2F96AEBB223AE1C2005B680E /* TasksUtility.swift */ = {isa = PBXFileReference; lastKnownFileType = sourcecode.swift; path = TasksUtility.swift; sourceTree = "<group>"; };
/* End PBXFileReference section */

/* Begin PBXFrameworksBuildPhase section */
		2F96AE95223A9F35005B680E /* Frameworks */ = {
			isa = PBXFrameworksBuildPhase;
			buildActionMask = 2147483647;
			files = (
			);
			runOnlyForDeploymentPostprocessing = 0;
		};
/* End PBXFrameworksBuildPhase section */

/* Begin PBXGroup section */
		2F96AE8F223A9F35005B680E = {
			isa = PBXGroup;
			children = (
				2F96AE9A223A9F35005B680E /* GBCTodoList */,
				2F96AE99223A9F35005B680E /* Products */,
			);
			sourceTree = "<group>";
		};
		2F96AE99223A9F35005B680E /* Products */ = {
			isa = PBXGroup;
			children = (
				2F96AE98223A9F35005B680E /* GBCTodoList.app */,
			);
			name = Products;
			sourceTree = "<group>";
		};
		2F96AE9A223A9F35005B680E /* GBCTodoList */ = {
			isa = PBXGroup;
			children = (
				2F96AE9F223A9F35005B680E /* Main.storyboard */,
				2F96AEB7223AE0AC005B680E /* Models */,
				2F96AEBA223AE0D3005B680E /* Controllers */,
				2F96AEB9223AE0BC005B680E /* Helpers */,
				2F96AEB8223AE0B4005B680E /* System */,
			);
			path = GBCTodoList;
			sourceTree = "<group>";
		};
		2F96AEB7223AE0AC005B680E /* Models */ = {
			isa = PBXGroup;
			children = (
				2F96AEAF223AA678005B680E /* Task.swift */,
			);
			path = Models;
			sourceTree = "<group>";
		};
		2F96AEB8223AE0B4005B680E /* System */ = {
			isa = PBXGroup;
			children = (
				2F96AEA7223A9F37005B680E /* Info.plist */,
				2F96AEA4223A9F37005B680E /* LaunchScreen.storyboard */,
				2F96AE9B223A9F35005B680E /* AppDelegate.swift */,
				2F96AEA2223A9F37005B680E /* Assets.xcassets */,
			);
			path = System;
			sourceTree = "<group>";
		};
		2F96AEB9223AE0BC005B680E /* Helpers */ = {
			isa = PBXGroup;
			children = (
				2F96AEB1223AA6ED005B680E /* TaskStore.swift */,
				2F96AEBB223AE1C2005B680E /* TasksUtility.swift */,
			);
			path = Helpers;
			sourceTree = "<group>";
		};
		2F96AEBA223AE0D3005B680E /* Controllers */ = {
			isa = PBXGroup;
			children = (
				2F96AEAD223A9FBC005B680E /* TasksController.swift */,
				2F96AEB5223ABA4A005B680E /* editControllerViewController.swift */,
			);
			path = Controllers;
			sourceTree = "<group>";
		};
/* End PBXGroup section */

/* Begin PBXNativeTarget section */
		2F96AE97223A9F35005B680E /* GBCTodoList */ = {
			isa = PBXNativeTarget;
			buildConfigurationList = 2F96AEAA223A9F37005B680E /* Build configuration list for PBXNativeTarget "GBCTodoList" */;
			buildPhases = (
				2F96AE94223A9F35005B680E /* Sources */,
				2F96AE95223A9F35005B680E /* Frameworks */,
				2F96AE96223A9F35005B680E /* Resources */,
			);
			buildRules = (
			);
			dependencies = (
			);
			name = GBCTodoList;
			productName = GBCTodoList;
			productReference = 2F96AE98223A9F35005B680E /* GBCTodoList.app */;
			productType = "com.apple.product-type.application";
		};
/* End PBXNativeTarget section */

/* Begin PBXProject section */
		2F96AE90223A9F35005B680E /* Project object */ = {
			isa = PBXProject;
			attributes = {
				LastSwiftUpdateCheck = 0940;
				LastUpgradeCheck = 0940;
				ORGANIZATIONNAME = "Igor Kenji Mori";
				TargetAttributes = {
					2F96AE97223A9F35005B680E = {
						CreatedOnToolsVersion = 9.4.1;
					};
				};
			};
			buildConfigurationList = 2F96AE93223A9F35005B680E /* Build configuration list for PBXProject "GBCTodoList" */;
			compatibilityVersion = "Xcode 9.3";
			developmentRegion = en;
			hasScannedForEncodings = 0;
			knownRegions = (
				en,
				Base,
			);
			mainGroup = 2F96AE8F223A9F35005B680E;
			productRefGroup = 2F96AE99223A9F35005B680E /* Products */;
			projectDirPath = "";
			projectRoot = "";
			targets = (
				2F96AE97223A9F35005B680E /* GBCTodoList */,
			);
		};
/* End PBXProject section */

/* Begin PBXResourcesBuildPhase section */
		2F96AE96223A9F35005B680E /* Resources */ = {
			isa = PBXResourcesBuildPhase;
			buildActionMask = 2147483647;
			files = (
				2F96AEA6223A9F37005B680E /* LaunchScreen.storyboard in Resources */,
				2F96AEA3223A9F37005B680E /* Assets.xcassets in Resources */,
				2F96AEA1223A9F35005B680E /* Main.storyboard in Resources */,
			);
			runOnlyForDeploymentPostprocessing = 0;
		};
/* End PBXResourcesBuildPhase section */

/* Begin PBXSourcesBuildPhase section */
		2F96AE94223A9F35005B680E /* Sources */ = {
			isa = PBXSourcesBuildPhase;
			buildActionMask = 2147483647;
			files = (
				2F96AEAE223A9FBC005B680E /* TasksController.swift in Sources */,
				2F96AEB6223ABA4A005B680E /* editControllerViewController.swift in Sources */,
				2F96AEB0223AA678005B680E /* Task.swift in Sources */,
				2F96AEBC223AE1C2005B680E /* TasksUtility.swift in Sources */,
				2F96AEB2223AA6ED005B680E /* TaskStore.swift in Sources */,
				2F96AE9C223A9F35005B680E /* AppDelegate.swift in Sources */,
			);
			runOnlyForDeploymentPostprocessing = 0;
		};
/* End PBXSourcesBuildPhase section */

/* Begin PBXVariantGroup section */
		2F96AE9F223A9F35005B680E /* Main.storyboard */ = {
			isa = PBXVariantGroup;
			children = (
				2F96AEA0223A9F35005B680E /* Base */,
			);
			name = Main.storyboard;
			sourceTree = "<group>";
		};
		2F96AEA4223A9F37005B680E /* LaunchScreen.storyboard */ = {
			isa = PBXVariantGroup;
			children = (
				2F96AEA5223A9F37005B680E /* Base */,
			);
			name = LaunchScreen.storyboard;
			sourceTree = "<group>";
		};
/* End PBXVariantGroup section */

/* Begin XCBuildConfiguration section */
		2F96AEA8223A9F37005B680E /* Debug */ = {
			isa = XCBuildConfiguration;
			buildSettings = {
				ALWAYS_SEARCH_USER_PATHS = NO;
				CLANG_ANALYZER_NONNULL = YES;
				CLANG_ANALYZER_NUMBER_OBJECT_CONVERSION = YES_AGGRESSIVE;
				CLANG_CXX_LANGUAGE_STANDARD = "gnu++14";
				CLANG_CXX_LIBRARY = "libc++";
				CLANG_ENABLE_MODULES = YES;
				CLANG_ENABLE_OBJC_ARC = YES;
				CLANG_ENABLE_OBJC_WEAK = YES;
				CLANG_WARN_BLOCK_CAPTURE_AUTORELEASING = YES;
				CLANG_WARN_BOOL_CONVERSION = YES;
				CLANG_WARN_COMMA = YES;
				CLANG_WARN_CONSTANT_CONVERSION = YES;
				CLANG_WARN_DEPRECATED_OBJC_IMPLEMENTATIONS = YES;
				CLANG_WARN_DIRECT_OBJC_ISA_USAGE = YES_ERROR;
				CLANG_WARN_DOCUMENTATION_COMMENTS = YES;
				CLANG_WARN_EMPTY_BODY = YES;
				CLANG_WARN_ENUM_CONVERSION = YES;
				CLANG_WARN_INFINITE_RECURSION = YES;
				CLANG_WARN_INT_CONVERSION = YES;
				CLANG_WARN_NON_LITERAL_NULL_CONVERSION = YES;
				CLANG_WARN_OBJC_IMPLICIT_RETAIN_SELF = YES;
				CLANG_WARN_OBJC_LITERAL_CONVERSION = YES;
				CLANG_WARN_OBJC_ROOT_CLASS = YES_ERROR;
				CLANG_WARN_RANGE_LOOP_ANALYSIS = YES;
				CLANG_WARN_STRICT_PROTOTYPES = YES;
				CLANG_WARN_SUSPICIOUS_MOVE = YES;
				CLANG_WARN_UNGUARDED_AVAILABILITY = YES_AGGRESSIVE;
				CLANG_WARN_UNREACHABLE_CODE = YES;
				CLANG_WARN__DUPLICATE_METHOD_MATCH = YES;
				CODE_SIGN_IDENTITY = "iPhone Developer";
				COPY_PHASE_STRIP = NO;
				DEBUG_INFORMATION_FORMAT = dwarf;
				ENABLE_STRICT_OBJC_MSGSEND = YES;
				ENABLE_TESTABILITY = YES;
				GCC_C_LANGUAGE_STANDARD = gnu11;
				GCC_DYNAMIC_NO_PIC = NO;
				GCC_NO_COMMON_BLOCKS = YES;
				GCC_OPTIMIZATION_LEVEL = 0;
				GCC_PREPROCESSOR_DEFINITIONS = (
					"DEBUG=1",
					"$(inherited)",
				);
				GCC_WARN_64_TO_32_BIT_CONVERSION = YES;
				GCC_WARN_ABOUT_RETURN_TYPE = YES_ERROR;
				GCC_WARN_UNDECLARED_SELECTOR = YES;
				GCC_WARN_UNINITIALIZED_AUTOS = YES_AGGRESSIVE;
				GCC_WARN_UNUSED_FUNCTION = YES;
				GCC_WARN_UNUSED_VARIABLE = YES;
				IPHONEOS_DEPLOYMENT_TARGET = 11.4;
				MTL_ENABLE_DEBUG_INFO = YES;
				ONLY_ACTIVE_ARCH = YES;
				SDKROOT = iphoneos;
				SWIFT_ACTIVE_COMPILATION_CONDITIONS = DEBUG;
				SWIFT_OPTIMIZATION_LEVEL = "-Onone";
			};
			name = Debug;
		};
		2F96AEA9223A9F37005B680E /* Release */ = {
			isa = XCBuildConfiguration;
			buildSettings = {
				ALWAYS_SEARCH_USER_PATHS = NO;
				CLANG_ANALYZER_NONNULL = YES;
				CLANG_ANALYZER_NUMBER_OBJECT_CONVERSION = YES_AGGRESSIVE;
				CLANG_CXX_LANGUAGE_STANDARD = "gnu++14";
				CLANG_CXX_LIBRARY = "libc++";
				CLANG_ENABLE_MODULES = YES;
				CLANG_ENABLE_OBJC_ARC = YES;
				CLANG_ENABLE_OBJC_WEAK = YES;
				CLANG_WARN_BLOCK_CAPTURE_AUTORELEASING = YES;
				CLANG_WARN_BOOL_CONVERSION = YES;
				CLANG_WARN_COMMA = YES;
				CLANG_WARN_CONSTANT_CONVERSION = YES;
				CLANG_WARN_DEPRECATED_OBJC_IMPLEMENTATIONS = YES;
				CLANG_WARN_DIRECT_OBJC_ISA_USAGE = YES_ERROR;
				CLANG_WARN_DOCUMENTATION_COMMENTS = YES;
				CLANG_WARN_EMPTY_BODY = YES;
				CLANG_WARN_ENUM_CONVERSION = YES;
				CLANG_WARN_INFINITE_RECURSION = YES;
				CLANG_WARN_INT_CONVERSION = YES;
				CLANG_WARN_NON_LITERAL_NULL_CONVERSION = YES;
				CLANG_WARN_OBJC_IMPLICIT_RETAIN_SELF = YES;
				CLANG_WARN_OBJC_LITERAL_CONVERSION = YES;
				CLANG_WARN_OBJC_ROOT_CLASS = YES_ERROR;
				CLANG_WARN_RANGE_LOOP_ANALYSIS = YES;
				CLANG_WARN_STRICT_PROTOTYPES = YES;
				CLANG_WARN_SUSPICIOUS_MOVE = YES;
				CLANG_WARN_UNGUARDED_AVAILABILITY = YES_AGGRESSIVE;
				CLANG_WARN_UNREACHABLE_CODE = YES;
				CLANG_WARN__DUPLICATE_METHOD_MATCH = YES;
				CODE_SIGN_IDENTITY = "iPhone Developer";
				COPY_PHASE_STRIP = NO;
				DEBUG_INFORMATION_FORMAT = "dwarf-with-dsym";
				ENABLE_NS_ASSERTIONS = NO;
				ENABLE_STRICT_OBJC_MSGSEND = YES;
				GCC_C_LANGUAGE_STANDARD = gnu11;
				GCC_NO_COMMON_BLOCKS = YES;
				GCC_WARN_64_TO_32_BIT_CONVERSION = YES;
				GCC_WARN_ABOUT_RETURN_TYPE = YES_ERROR;
				GCC_WARN_UNDECLARED_SELECTOR = YES;
				GCC_WARN_UNINITIALIZED_AUTOS = YES_AGGRESSIVE;
				GCC_WARN_UNUSED_FUNCTION = YES;
				GCC_WARN_UNUSED_VARIABLE = YES;
				IPHONEOS_DEPLOYMENT_TARGET = 11.4;
				MTL_ENABLE_DEBUG_INFO = NO;
				SDKROOT = iphoneos;
				SWIFT_COMPILATION_MODE = wholemodule;
				SWIFT_OPTIMIZATION_LEVEL = "-O";
				VALIDATE_PRODUCT = YES;
			};
			name = Release;
		};
		2F96AEAB223A9F37005B680E /* Debug */ = {
			isa = XCBuildConfiguration;
			buildSettings = {
				ASSETCATALOG_COMPILER_APPICON_NAME = AppIcon;
				CODE_SIGN_STYLE = Automatic;
				INFOPLIST_FILE = "$(SRCROOT)/GBCTodoList/System/Info.plist";
				LD_RUNPATH_SEARCH_PATHS = (
					"$(inherited)",
					"@executable_path/Frameworks",
				);
				PRODUCT_BUNDLE_IDENTIFIER = com.GBCTodoList.GBCTodoList;
				PRODUCT_NAME = "$(TARGET_NAME)";
				SWIFT_VERSION = 4.0;
				TARGETED_DEVICE_FAMILY = "1,2";
			};
			name = Debug;
		};
		2F96AEAC223A9F37005B680E /* Release */ = {
			isa = XCBuildConfiguration;
			buildSettings = {
				ASSETCATALOG_COMPILER_APPICON_NAME = AppIcon;
				CODE_SIGN_STYLE = Automatic;
				INFOPLIST_FILE = "$(SRCROOT)/GBCTodoList/System/Info.plist";
				LD_RUNPATH_SEARCH_PATHS = (
					"$(inherited)",
					"@executable_path/Frameworks",
				);
				PRODUCT_BUNDLE_IDENTIFIER = com.GBCTodoList.GBCTodoList;
				PRODUCT_NAME = "$(TARGET_NAME)";
				SWIFT_VERSION = 4.0;
				TARGETED_DEVICE_FAMILY = "1,2";
			};
			name = Release;
		};
/* End XCBuildConfiguration section */

/* Begin XCConfigurationList section */
		2F96AE93223A9F35005B680E /* Build configuration list for PBXProject "GBCTodoList" */ = {
			isa = XCConfigurationList;
			buildConfigurations = (
				2F96AEA8223A9F37005B680E /* Debug */,
				2F96AEA9223A9F37005B680E /* Release */,
			);
			defaultConfigurationIsVisible = 0;
			defaultConfigurationName = Release;
		};
		2F96AEAA223A9F37005B680E /* Build configuration list for PBXNativeTarget "GBCTodoList" */ = {
			isa = XCConfigurationList;
			buildConfigurations = (
				2F96AEAB223A9F37005B680E /* Debug */,
				2F96AEAC223A9F37005B680E /* Release */,
			);
			defaultConfigurationIsVisible = 0;
			defaultConfigurationName = Release;
		};
/* End XCConfigurationList section */
	};
	rootObject = 2F96AE90223A9F35005B680E /* Project object */;
}
